// !$*UTF8*$!
{
	archiveVersion = 1;
	classes = {
	};
	objectVersion = 50;
	objects = {

/* Begin PBXBuildFile section */
		BED4FAE1BB9D6F743D5BBBAE /* Pods_Todoey_iOS12.framework in Frameworks */ = {isa = PBXBuildFile; fileRef = D6B5C6BAC0209A4FBDB8B399 /* Pods_Todoey_iOS12.framework */; };
		CEE31D602294770300C29E2F /* AppDelegate.swift in Sources */ = {isa = PBXBuildFile; fileRef = CEE31D5F2294770300C29E2F /* AppDelegate.swift */; };
		CEE31D622294770300C29E2F /* TodoListViewController.swift in Sources */ = {isa = PBXBuildFile; fileRef = CEE31D612294770300C29E2F /* TodoListViewController.swift */; };
		CEE31D652294770300C29E2F /* Main.storyboard in Resources */ = {isa = PBXBuildFile; fileRef = CEE31D632294770300C29E2F /* Main.storyboard */; };
		CEE31D672294770600C29E2F /* Assets.xcassets in Resources */ = {isa = PBXBuildFile; fileRef = CEE31D662294770600C29E2F /* Assets.xcassets */; };
		CEE31D6A2294770600C29E2F /* LaunchScreen.storyboard in Resources */ = {isa = PBXBuildFile; fileRef = CEE31D682294770600C29E2F /* LaunchScreen.storyboard */; };
		CEE31D7A2295AF2100C29E2F /* DataModel.xcdatamodeld in Sources */ = {isa = PBXBuildFile; fileRef = CEE31D782295AF2100C29E2F /* DataModel.xcdatamodeld */; };
		CEE31D9D2296CCBD00C29E2F /* CategoryViewController.swift in Sources */ = {isa = PBXBuildFile; fileRef = CEE31D9C2296CCBD00C29E2F /* CategoryViewController.swift */; };
/* End PBXBuildFile section */

/* Begin PBXFileReference section */
		A6589013F60957B5E0D937E9 /* Pods-Todoey-iOS12.release.xcconfig */ = {isa = PBXFileReference; includeInIndex = 1; lastKnownFileType = text.xcconfig; name = "Pods-Todoey-iOS12.release.xcconfig"; path = "Target Support Files/Pods-Todoey-iOS12/Pods-Todoey-iOS12.release.xcconfig"; sourceTree = "<group>"; };
		CEE31D5C2294770300C29E2F /* Todoey-iOS12.app */ = {isa = PBXFileReference; explicitFileType = wrapper.application; includeInIndex = 0; path = "Todoey-iOS12.app"; sourceTree = BUILT_PRODUCTS_DIR; };
		CEE31D5F2294770300C29E2F /* AppDelegate.swift */ = {isa = PBXFileReference; lastKnownFileType = sourcecode.swift; path = AppDelegate.swift; sourceTree = "<group>"; };
		CEE31D612294770300C29E2F /* TodoListViewController.swift */ = {isa = PBXFileReference; lastKnownFileType = sourcecode.swift; path = TodoListViewController.swift; sourceTree = "<group>"; };
		CEE31D642294770300C29E2F /* Base */ = {isa = PBXFileReference; lastKnownFileType = file.storyboard; name = Base; path = Base.lproj/Main.storyboard; sourceTree = "<group>"; };
		CEE31D662294770600C29E2F /* Assets.xcassets */ = {isa = PBXFileReference; lastKnownFileType = folder.assetcatalog; path = Assets.xcassets; sourceTree = "<group>"; };
		CEE31D692294770600C29E2F /* Base */ = {isa = PBXFileReference; lastKnownFileType = file.storyboard; name = Base; path = Base.lproj/LaunchScreen.storyboard; sourceTree = "<group>"; };
		CEE31D6B2294770600C29E2F /* Info.plist */ = {isa = PBXFileReference; lastKnownFileType = text.plist.xml; path = Info.plist; sourceTree = "<group>"; };
		CEE31D792295AF2100C29E2F /* DataModel.xcdatamodel */ = {isa = PBXFileReference; lastKnownFileType = wrapper.xcdatamodel; path = DataModel.xcdatamodel; sourceTree = "<group>"; };
		CEE31D9C2296CCBD00C29E2F /* CategoryViewController.swift */ = {isa = PBXFileReference; lastKnownFileType = sourcecode.swift; path = CategoryViewController.swift; sourceTree = "<group>"; };
		D6B5C6BAC0209A4FBDB8B399 /* Pods_Todoey_iOS12.framework */ = {isa = PBXFileReference; explicitFileType = wrapper.framework; includeInIndex = 0; path = Pods_Todoey_iOS12.framework; sourceTree = BUILT_PRODUCTS_DIR; };
		F53B40A65DA1D03CF54E1FC6 /* Pods-Todoey-iOS12.debug.xcconfig */ = {isa = PBXFileReference; includeInIndex = 1; lastKnownFileType = text.xcconfig; name = "Pods-Todoey-iOS12.debug.xcconfig"; path = "Target Support Files/Pods-Todoey-iOS12/Pods-Todoey-iOS12.debug.xcconfig"; sourceTree = "<group>"; };
/* End PBXFileReference section */

/* Begin PBXFrameworksBuildPhase section */
		CEE31D592294770300C29E2F /* Frameworks */ = {
			isa = PBXFrameworksBuildPhase;
			buildActionMask = 2147483647;
			files = (
				BED4FAE1BB9D6F743D5BBBAE /* Pods_Todoey_iOS12.framework in Frameworks */,
			);
			runOnlyForDeploymentPostprocessing = 0;
		};
/* End PBXFrameworksBuildPhase section */

/* Begin PBXGroup section */
		58DA67DBEF2E3B3B7045FA98 /* Pods */ = {
			isa = PBXGroup;
			children = (
				F53B40A65DA1D03CF54E1FC6 /* Pods-Todoey-iOS12.debug.xcconfig */,
				A6589013F60957B5E0D937E9 /* Pods-Todoey-iOS12.release.xcconfig */,
			);
			name = Pods;
			path = Pods;
			sourceTree = "<group>";
		};
		688D3B0BDF3B4A4FC342DE60 /* Frameworks */ = {
			isa = PBXGroup;
			children = (
				D6B5C6BAC0209A4FBDB8B399 /* Pods_Todoey_iOS12.framework */,
			);
			name = Frameworks;
			sourceTree = "<group>";
		};
		CEE31D532294770300C29E2F = {
			isa = PBXGroup;
			children = (
				CEE31D5E2294770300C29E2F /* Todoey-iOS12 */,
				CEE31D5D2294770300C29E2F /* Products */,
				58DA67DBEF2E3B3B7045FA98 /* Pods */,
				688D3B0BDF3B4A4FC342DE60 /* Frameworks */,
			);
			sourceTree = "<group>";
		};
		CEE31D5D2294770300C29E2F /* Products */ = {
			isa = PBXGroup;
			children = (
				CEE31D5C2294770300C29E2F /* Todoey-iOS12.app */,
			);
			name = Products;
			sourceTree = "<group>";
		};
		CEE31D5E2294770300C29E2F /* Todoey-iOS12 */ = {
			isa = PBXGroup;
			children = (
				CEE31D5F2294770300C29E2F /* AppDelegate.swift */,
				CEE31D752294CD5C00C29E2F /* Controllers */,
				CEE31D742294CD0500C29E2F /* Data Model */,
				CEE31D762294CD8500C29E2F /* Views */,
				CEE31D772294CDAB00C29E2F /* Supporting Files */,
				CEE31D6B2294770600C29E2F /* Info.plist */,
			);
			path = "Todoey-iOS12";
			sourceTree = "<group>";
		};
		CEE31D742294CD0500C29E2F /* Data Model */ = {
			isa = PBXGroup;
			children = (
				CEE31D782295AF2100C29E2F /* DataModel.xcdatamodeld */,
			);
			path = "Data Model";
			sourceTree = "<group>";
		};
		CEE31D752294CD5C00C29E2F /* Controllers */ = {
			isa = PBXGroup;
			children = (
				CEE31D612294770300C29E2F /* TodoListViewController.swift */,
				CEE31D9C2296CCBD00C29E2F /* CategoryViewController.swift */,
			);
			path = Controllers;
			sourceTree = "<group>";
		};
		CEE31D762294CD8500C29E2F /* Views */ = {
			isa = PBXGroup;
			children = (
				CEE31D632294770300C29E2F /* Main.storyboard */,
			);
			path = Views;
			sourceTree = "<group>";
		};
		CEE31D772294CDAB00C29E2F /* Supporting Files */ = {
			isa = PBXGroup;
			children = (
				CEE31D662294770600C29E2F /* Assets.xcassets */,
				CEE31D682294770600C29E2F /* LaunchScreen.storyboard */,
			);
			path = "Supporting Files";
			sourceTree = "<group>";
		};
/* End PBXGroup section */

/* Begin PBXNativeTarget section */
		CEE31D5B2294770300C29E2F /* Todoey-iOS12 */ = {
			isa = PBXNativeTarget;
			buildConfigurationList = CEE31D6E2294770600C29E2F /* Build configuration list for PBXNativeTarget "Todoey-iOS12" */;
			buildPhases = (
				90CC903732F715504BFC9D44 /* [CP] Check Pods Manifest.lock */,
				CEE31D582294770300C29E2F /* Sources */,
				CEE31D592294770300C29E2F /* Frameworks */,
				CEE31D5A2294770300C29E2F /* Resources */,
				D539A74B2E864F6A5F3AAB59 /* [CP] Embed Pods Frameworks */,
			);
			buildRules = (
			);
			dependencies = (
			);
			name = "Todoey-iOS12";
			productName = "Todoey-iOS12";
			productReference = CEE31D5C2294770300C29E2F /* Todoey-iOS12.app */;
			productType = "com.apple.product-type.application";
		};
/* End PBXNativeTarget section */

/* Begin PBXProject section */
		CEE31D542294770300C29E2F /* Project object */ = {
			isa = PBXProject;
			attributes = {
				LastSwiftUpdateCheck = 1020;
				LastUpgradeCheck = 1020;
				ORGANIZATIONNAME = taka..;
				TargetAttributes = {
					CEE31D5B2294770300C29E2F = {
						CreatedOnToolsVersion = 10.2.1;
					};
				};
			};
			buildConfigurationList = CEE31D572294770300C29E2F /* Build configuration list for PBXProject "Todoey-iOS12" */;
			compatibilityVersion = "Xcode 9.3";
			developmentRegion = en;
			hasScannedForEncodings = 0;
			knownRegions = (
				en,
				Base,
			);
			mainGroup = CEE31D532294770300C29E2F;
			productRefGroup = CEE31D5D2294770300C29E2F /* Products */;
			projectDirPath = "";
			projectRoot = "";
			targets = (
				CEE31D5B2294770300C29E2F /* Todoey-iOS12 */,
			);
		};
/* End PBXProject section */

/* Begin PBXResourcesBuildPhase section */
		CEE31D5A2294770300C29E2F /* Resources */ = {
			isa = PBXResourcesBuildPhase;
			buildActionMask = 2147483647;
			files = (
				CEE31D6A2294770600C29E2F /* LaunchScreen.storyboard in Resources */,
				CEE31D672294770600C29E2F /* Assets.xcassets in Resources */,
				CEE31D652294770300C29E2F /* Main.storyboard in Resources */,
			);
			runOnlyForDeploymentPostprocessing = 0;
		};
/* End PBXResourcesBuildPhase section */

/* Begin PBXShellScriptBuildPhase section */
		90CC903732F715504BFC9D44 /* [CP] Check Pods Manifest.lock */ = {
			isa = PBXShellScriptBuildPhase;
			buildActionMask = 2147483647;
			files = (
			);
			inputFileListPaths = (
			);
			inputPaths = (
				"${PODS_PODFILE_DIR_PATH}/Podfile.lock",
				"${PODS_ROOT}/Manifest.lock",
			);
			name = "[CP] Check Pods Manifest.lock";
			outputFileListPaths = (
			);
			outputPaths = (
				"$(DERIVED_FILE_DIR)/Pods-Todoey-iOS12-checkManifestLockResult.txt",
			);
			runOnlyForDeploymentPostprocessing = 0;
			shellPath = /bin/sh;
			shellScript = "diff \"${PODS_PODFILE_DIR_PATH}/Podfile.lock\" \"${PODS_ROOT}/Manifest.lock\" > /dev/null\nif [ $? != 0 ] ; then\n    # print error to STDERR\n    echo \"error: The sandbox is not in sync with the Podfile.lock. Run 'pod install' or update your CocoaPods installation.\" >&2\n    exit 1\nfi\n# This output is used by Xcode 'outputs' to avoid re-running this script phase.\necho \"SUCCESS\" > \"${SCRIPT_OUTPUT_FILE_0}\"\n";
			showEnvVarsInLog = 0;
		};
		D539A74B2E864F6A5F3AAB59 /* [CP] Embed Pods Frameworks */ = {
			isa = PBXShellScriptBuildPhase;
			buildActionMask = 2147483647;
			files = (
			);
			inputFileListPaths = (
			);
			inputPaths = (
				"${PODS_ROOT}/Target Support Files/Pods-Todoey-iOS12/Pods-Todoey-iOS12-frameworks.sh",
				"${BUILT_PRODUCTS_DIR}/Realm/Realm.framework",
				"${BUILT_PRODUCTS_DIR}/RealmSwift/RealmSwift.framework",
			);
			name = "[CP] Embed Pods Frameworks";
			outputFileListPaths = (
			);
			outputPaths = (
				"${TARGET_BUILD_DIR}/${FRAMEWORKS_FOLDER_PATH}/Realm.framework",
				"${TARGET_BUILD_DIR}/${FRAMEWORKS_FOLDER_PATH}/RealmSwift.framework",
			);
			runOnlyForDeploymentPostprocessing = 0;
			shellPath = /bin/sh;
			shellScript = "\"${PODS_ROOT}/Target Support Files/Pods-Todoey-iOS12/Pods-Todoey-iOS12-frameworks.sh\"\n";
			showEnvVarsInLog = 0;
		};
/* End PBXShellScriptBuildPhase section */

/* Begin PBXSourcesBuildPhase section */
		CEE31D582294770300C29E2F /* Sources */ = {
			isa = PBXSourcesBuildPhase;
			buildActionMask = 2147483647;
			files = (
				CEE31D9D2296CCBD00C29E2F /* CategoryViewController.swift in Sources */,
				CEE31D622294770300C29E2F /* TodoListViewController.swift in Sources */,
				CEE31D7A2295AF2100C29E2F /* DataModel.xcdatamodeld in Sources */,
				CEE31D602294770300C29E2F /* AppDelegate.swift in Sources */,
			);
			runOnlyForDeploymentPostprocessing = 0;
		};
/* End PBXSourcesBuildPhase section */

/* Begin PBXVariantGroup section */
		CEE31D632294770300C29E2F /* Main.storyboard */ = {
			isa = PBXVariantGroup;
			children = (
				CEE31D642294770300C29E2F /* Base */,
			);
			name = Main.storyboard;
			sourceTree = "<group>";
		};
		CEE31D682294770600C29E2F /* LaunchScreen.storyboard */ = {
			isa = PBXVariantGroup;
			children = (
				CEE31D692294770600C29E2F /* Base */,
			);
			name = LaunchScreen.storyboard;
			sourceTree = "<group>";
		};
/* End PBXVariantGroup section */

/* Begin XCBuildConfiguration section */
		CEE31D6C2294770600C29E2F /* Debug */ = {
			isa = XCBuildConfiguration;
			buildSettings = {
				ALWAYS_SEARCH_USER_PATHS = NO;
				CLANG_ANALYZER_NONNULL = YES;
				CLANG_ANALYZER_NUMBER_OBJECT_CONVERSION = YES_AGGRESSIVE;
				CLANG_CXX_LANGUAGE_STANDARD = "gnu++14";
				CLANG_CXX_LIBRARY = "libc++";
				CLANG_ENABLE_MODULES = YES;
				CLANG_ENABLE_OBJC_ARC = YES;
				CLANG_ENABLE_OBJC_WEAK = YES;
				CLANG_WARN_BLOCK_CAPTURE_AUTORELEASING = YES;
				CLANG_WARN_BOOL_CONVERSION = YES;
				CLANG_WARN_COMMA = YES;
				CLANG_WARN_CONSTANT_CONVERSION = YES;
				CLANG_WARN_DEPRECATED_OBJC_IMPLEMENTATIONS = YES;
				CLANG_WARN_DIRECT_OBJC_ISA_USAGE = YES_ERROR;
				CLANG_WARN_DOCUMENTATION_COMMENTS = YES;
				CLANG_WARN_EMPTY_BODY = YES;
				CLANG_WARN_ENUM_CONVERSION = YES;
				CLANG_WARN_INFINITE_RECURSION = YES;
				CLANG_WARN_INT_CONVERSION = YES;
				CLANG_WARN_NON_LITERAL_NULL_CONVERSION = YES;
				CLANG_WARN_OBJC_IMPLICIT_RETAIN_SELF = YES;
				CLANG_WARN_OBJC_LITERAL_CONVERSION = YES;
				CLANG_WARN_OBJC_ROOT_CLASS = YES_ERROR;
				CLANG_WARN_RANGE_LOOP_ANALYSIS = YES;
				CLANG_WARN_STRICT_PROTOTYPES = YES;
				CLANG_WARN_SUSPICIOUS_MOVE = YES;
				CLANG_WARN_UNGUARDED_AVAILABILITY = YES_AGGRESSIVE;
				CLANG_WARN_UNREACHABLE_CODE = YES;
				CLANG_WARN__DUPLICATE_METHOD_MATCH = YES;
				CODE_SIGN_IDENTITY = "iPhone Developer";
				COPY_PHASE_STRIP = NO;
				DEBUG_INFORMATION_FORMAT = dwarf;
				ENABLE_STRICT_OBJC_MSGSEND = YES;
				ENABLE_TESTABILITY = YES;
				GCC_C_LANGUAGE_STANDARD = gnu11;
				GCC_DYNAMIC_NO_PIC = NO;
				GCC_NO_COMMON_BLOCKS = YES;
				GCC_OPTIMIZATION_LEVEL = 0;
				GCC_PREPROCESSOR_DEFINITIONS = (
					"DEBUG=1",
					"$(inherited)",
				);
				GCC_WARN_64_TO_32_BIT_CONVERSION = YES;
				GCC_WARN_ABOUT_RETURN_TYPE = YES_ERROR;
				GCC_WARN_UNDECLARED_SELECTOR = YES;
				GCC_WARN_UNINITIALIZED_AUTOS = YES_AGGRESSIVE;
				GCC_WARN_UNUSED_FUNCTION = YES;
				GCC_WARN_UNUSED_VARIABLE = YES;
				IPHONEOS_DEPLOYMENT_TARGET = 12.2;
				MTL_ENABLE_DEBUG_INFO = INCLUDE_SOURCE;
				MTL_FAST_MATH = YES;
				ONLY_ACTIVE_ARCH = YES;
				SDKROOT = iphoneos;
				SWIFT_ACTIVE_COMPILATION_CONDITIONS = DEBUG;
				SWIFT_OPTIMIZATION_LEVEL = "-Onone";
			};
			name = Debug;
		};
		CEE31D6D2294770600C29E2F /* Release */ = {
			isa = XCBuildConfiguration;
			buildSettings = {
				ALWAYS_SEARCH_USER_PATHS = NO;
				CLANG_ANALYZER_NONNULL = YES;
				CLANG_ANALYZER_NUMBER_OBJECT_CONVERSION = YES_AGGRESSIVE;
				CLANG_CXX_LANGUAGE_STANDARD = "gnu++14";
				CLANG_CXX_LIBRARY = "libc++";
				CLANG_ENABLE_MODULES = YES;
				CLANG_ENABLE_OBJC_ARC = YES;
				CLANG_ENABLE_OBJC_WEAK = YES;
				CLANG_WARN_BLOCK_CAPTURE_AUTORELEASING = YES;
				CLANG_WARN_BOOL_CONVERSION = YES;
				CLANG_WARN_COMMA = YES;
				CLANG_WARN_CONSTANT_CONVERSION = YES;
				CLANG_WARN_DEPRECATED_OBJC_IMPLEMENTATIONS = YES;
				CLANG_WARN_DIRECT_OBJC_ISA_USAGE = YES_ERROR;
				CLANG_WARN_DOCUMENTATION_COMMENTS = YES;
				CLANG_WARN_EMPTY_BODY = YES;
				CLANG_WARN_ENUM_CONVERSION = YES;
				CLANG_WARN_INFINITE_RECURSION = YES;
				CLANG_WARN_INT_CONVERSION = YES;
				CLANG_WARN_NON_LITERAL_NULL_CONVERSION = YES;
				CLANG_WARN_OBJC_IMPLICIT_RETAIN_SELF = YES;
				CLANG_WARN_OBJC_LITERAL_CONVERSION = YES;
				CLANG_WARN_OBJC_ROOT_CLASS = YES_ERROR;
				CLANG_WARN_RANGE_LOOP_ANALYSIS = YES;
				CLANG_WARN_STRICT_PROTOTYPES = YES;
				CLANG_WARN_SUSPICIOUS_MOVE = YES;
				CLANG_WARN_UNGUARDED_AVAILABILITY = YES_AGGRESSIVE;
				CLANG_WARN_UNREACHABLE_CODE = YES;
				CLANG_WARN__DUPLICATE_METHOD_MATCH = YES;
				CODE_SIGN_IDENTITY = "iPhone Developer";
				COPY_PHASE_STRIP = NO;
				DEBUG_INFORMATION_FORMAT = "dwarf-with-dsym";
				ENABLE_NS_ASSERTIONS = NO;
				ENABLE_STRICT_OBJC_MSGSEND = YES;
				GCC_C_LANGUAGE_STANDARD = gnu11;
				GCC_NO_COMMON_BLOCKS = YES;
				GCC_WARN_64_TO_32_BIT_CONVERSION = YES;
				GCC_WARN_ABOUT_RETURN_TYPE = YES_ERROR;
				GCC_WARN_UNDECLARED_SELECTOR = YES;
				GCC_WARN_UNINITIALIZED_AUTOS = YES_AGGRESSIVE;
				GCC_WARN_UNUSED_FUNCTION = YES;
				GCC_WARN_UNUSED_VARIABLE = YES;
				IPHONEOS_DEPLOYMENT_TARGET = 12.2;
				MTL_ENABLE_DEBUG_INFO = NO;
				MTL_FAST_MATH = YES;
				SDKROOT = iphoneos;
				SWIFT_COMPILATION_MODE = wholemodule;
				SWIFT_OPTIMIZATION_LEVEL = "-O";
				VALIDATE_PRODUCT = YES;
			};
			name = Release;
		};
		CEE31D6F2294770600C29E2F /* Debug */ = {
			isa = XCBuildConfiguration;
			baseConfigurationReference = F53B40A65DA1D03CF54E1FC6 /* Pods-Todoey-iOS12.debug.xcconfig */;
			buildSettings = {
				ASSETCATALOG_COMPILER_APPICON_NAME = AppIcon;
				CODE_SIGN_STYLE = Automatic;
				INFOPLIST_FILE = "Todoey-iOS12/Info.plist";
				LD_RUNPATH_SEARCH_PATHS = (
					"$(inherited)",
					"@executable_path/Frameworks",
				);
				PRODUCT_BUNDLE_IDENTIFIER = "com.codeblue.Todoey-iOS12";
				PRODUCT_NAME = "$(TARGET_NAME)";
				SWIFT_VERSION = 5.0;
				TARGETED_DEVICE_FAMILY = "1,2";
			};
			name = Debug;
		};
		CEE31D702294770600C29E2F /* Release */ = {
			isa = XCBuildConfiguration;
			baseConfigurationReference = A6589013F60957B5E0D937E9 /* Pods-Todoey-iOS12.release.xcconfig */;
			buildSettings = {
				ASSETCATALOG_COMPILER_APPICON_NAME = AppIcon;
				CODE_SIGN_STYLE = Automatic;
				INFOPLIST_FILE = "Todoey-iOS12/Info.plist";
				LD_RUNPATH_SEARCH_PATHS = (
					"$(inherited)",
					"@executable_path/Frameworks",
				);
				PRODUCT_BUNDLE_IDENTIFIER = "com.codeblue.Todoey-iOS12";
				PRODUCT_NAME = "$(TARGET_NAME)";
				SWIFT_VERSION = 5.0;
				TARGETED_DEVICE_FAMILY = "1,2";
			};
			name = Release;
		};
/* End XCBuildConfiguration section */

/* Begin XCConfigurationList section */
		CEE31D572294770300C29E2F /* Build configuration list for PBXProject "Todoey-iOS12" */ = {
			isa = XCConfigurationList;
			buildConfigurations = (
				CEE31D6C2294770600C29E2F /* Debug */,
				CEE31D6D2294770600C29E2F /* Release */,
			);
			defaultConfigurationIsVisible = 0;
			defaultConfigurationName = Release;
		};
		CEE31D6E2294770600C29E2F /* Build configuration list for PBXNativeTarget "Todoey-iOS12" */ = {
			isa = XCConfigurationList;
			buildConfigurations = (
				CEE31D6F2294770600C29E2F /* Debug */,
				CEE31D702294770600C29E2F /* Release */,
			);
			defaultConfigurationIsVisible = 0;
			defaultConfigurationName = Release;
		};
/* End XCConfigurationList section */

/* Begin XCVersionGroup section */
		CEE31D782295AF2100C29E2F /* DataModel.xcdatamodeld */ = {
			isa = XCVersionGroup;
			children = (
				CEE31D792295AF2100C29E2F /* DataModel.xcdatamodel */,
			);
			currentVersion = CEE31D792295AF2100C29E2F /* DataModel.xcdatamodel */;
			path = DataModel.xcdatamodeld;
			sourceTree = "<group>";
			versionGroupType = wrapper.xcdatamodel;
		};
/* End XCVersionGroup section */
	};
	rootObject = CEE31D542294770300C29E2F /* Project object */;
}
